
Microsoft Visual Studio Solution File, Format Version 12.00
# Visual Studio Version 17
VisualStudioVersion = 17.6.33417.168
MinimumVisualStudioVersion = 10.0.40219.1
Project("{8BC9CEB8-8B4A-11D0-8D11-00A0C91BC942}") = "problem50 mySquert", "problem50 mySquert\problem50 mySquert.vcxproj", "{9683C03F-C881-4BC1-BD3D-7619A023A93F}"
EndProject
Global
	GlobalSection(SolutionConfigurationPlatforms) = preSolution
		Debug|x64 = Debug|x64
		Debug|x86 = Debug|x86
		Release|x64 = Release|x64
		Release|x86 = Release|x86
	EndGlobalSection
	GlobalSection(ProjectConfigurationPlatforms) = postSolution
		{9683C03F-C881-4BC1-BD3D-7619A023A93F}.Debug|x64.ActiveCfg = Debug|x64
		{9683C03F-C881-4BC1-BD3D-7619A023A93F}.Debug|x64.Build.0 = Debug|x64
		{9683C03F-C881-4BC1-BD3D-7619A023A93F}.Debug|x86.ActiveCfg = Debug|Win32
		{9683C03F-C881-4BC1-BD3D-7619A023A93F}.Debug|x86.Build.0 = Debug|Win32
		{9683C03F-C881-4BC1-BD3D-7619A023A93F}.Release|x64.ActiveCfg = Release|x64
		{9683C03F-C881-4BC1-BD3D-7619A023A93F}.Release|x64.Build.0 = Release|x64
		{9683C03F-C881-4BC1-BD3D-7619A023A93F}.Release|x86.ActiveCfg = Release|Win32
		{9683C03F-C881-4BC1-BD3D-7619A023A93F}.Release|x86.Build.0 = Release|Win32
	EndGlobalSection
	GlobalSection(SolutionProperties) = preSolution
		HideSolutionNode = FALSE
	EndGlobalSection
	GlobalSection(ExtensibilityGlobals) = postSolution
		SolutionGuid = {83B17B57-71EE-41D5-B724-DA64C9AAC0C1}
	EndGlobalSection
EndGlobal
